Microsoft Visual Studio Solution File, Format Version 12.00
# Visual Studio Version 17
VisualStudioVersion = 17.5.2.0
MinimumVisualStudioVersion = 10.0.40219.1
Project("{FAE04EC0-301F-11D3-BF4B-00C04F79EFBC}") = "SB.Utils", "SB.Utils.csproj", "{6C6D6C30-9D94-AB45-25ED-79681D40ECAD}"
EndProject
Global
	GlobalSection(SolutionConfigurationPlatforms) = preSolution
		Debug|Any CPU = Debug|Any CPU
		Release|Any CPU = Release|Any CPU
	EndGlobalSection
	GlobalSection(ProjectConfigurationPlatforms) = postSolution
		{6C6D6C30-9D94-AB45-25ED-79681D40ECAD}.Debug|Any CPU.ActiveCfg = Debug|Any CPU
		{6C6D6C30-9D94-AB45-25ED-79681D40ECAD}.Debug|Any CPU.Build.0 = Debug|Any CPU
		{6C6D6C30-9D94-AB45-25ED-79681D40ECAD}.Release|Any CPU.ActiveCfg = Release|Any CPU
		{6C6D6C30-9D94-AB45-25ED-79681D40ECAD}.Release|Any CPU.Build.0 = Release|Any CPU
	EndGlobalSection
	GlobalSection(SolutionProperties) = preSolution
		HideSolutionNode = FALSE
	EndGlobalSection
	GlobalSection(ExtensibilityGlobals) = postSolution
		SolutionGuid = {437955CA-0D54-45D6-A883-B64411C1F8EC}
	EndGlobalSection
EndGlobal
